
Microsoft Visual Studio Solution File, Format Version 12.00
# Visual Studio Version 16
VisualStudioVersion = 16.0.30413.136
MinimumVisualStudioVersion = 10.0.40219.1
Project("{888888A0-9F3D-457C-B088-3A5042F75D52}") = "Calculadora", "Calculadora\Calculadora.pyproj", "{141A3C25-D083-41BD-9D25-DEACB9A91905}"
EndProject
Global
	GlobalSection(SolutionConfigurationPlatforms) = preSolution
		Debug|Any CPU = Debug|Any CPU
		Release|Any CPU = Release|Any CPU
	EndGlobalSection
	GlobalSection(ProjectConfigurationPlatforms) = postSolution
		{141A3C25-D083-41BD-9D25-DEACB9A91905}.Debug|Any CPU.ActiveCfg = Debug|Any CPU
		{141A3C25-D083-41BD-9D25-DEACB9A91905}.Release|Any CPU.ActiveCfg = Release|Any CPU
	EndGlobalSection
	GlobalSection(SolutionProperties) = preSolution
		HideSolutionNode = FALSE
	EndGlobalSection
	GlobalSection(ExtensibilityGlobals) = postSolution
		SolutionGuid = {12099C28-D62B-4E47-923D-9A5FF4255FA1}
	EndGlobalSection
EndGlobal
